Microsoft Visual Studio Solution File, Format Version 12.00
# Visual Studio Version 17
VisualStudioVersion = 17.0.31903.59
MinimumVisualStudioVersion = 10.0.40219.1
Project("{FAE04EC0-301F-11D3-BF4B-00C04F79EFBC}") = "HappyHeadlines.ArticleService", "HappyHeadlines.ArticleService\HappyHeadlines.ArticleService.csproj", "{C508B0D7-0762-4F24-955F-F2FDBE206131}"
EndProject
Project("{FAE04EC0-301F-11D3-BF4B-00C04F79EFBC}") = "HappyHeadlines.Core", "HappyHeadlines.Core\HappyHeadlines.Core.csproj", "{54AC6AB3-0E63-497B-8A09-DD9938A82836}"
EndProject
Project("{FAE04EC0-301F-11D3-BF4B-00C04F79EFBC}") = "HappyHeadlines.Infrastructure", "HappyHeadlines.Infrastructure\HappyHeadlines.Infrastructure.csproj", "{772568DB-0050-4498-9567-1316A91ADFA9}"
EndProject
Project("{FAE04EC0-301F-11D3-BF4B-00C04F79EFBC}") = "HappyHeadlines.ProfanityService", "HappyHeadlines.ProfanityService\HappyHeadlines.ProfanityService.csproj", "{FD710463-D7F2-4329-A776-2CC20E1B8394}"
EndProject
Project("{FAE04EC0-301F-11D3-BF4B-00C04F79EFBC}") = "HappyHeadlines.DraftService", "HappyHeadlines.DraftService\HappyHeadlines.DraftService.csproj", "{C5EDBFD5-5D96-419D-8983-9354695A4716}"
EndProject
Project("{FAE04EC0-301F-11D3-BF4B-00C04F79EFBC}") = "HappyHeadlines.MonitorService", "HappyHeadlines.MonitorService\HappyHeadlines.MonitorService.csproj", "{E089CA5F-4BC9-4275-8E59-1E265C3DEEA6}"
EndProject
Global
	GlobalSection(SolutionConfigurationPlatforms) = preSolution
		Debug|Any CPU = Debug|Any CPU
		Debug|x64 = Debug|x64
		Debug|x86 = Debug|x86
		Release|Any CPU = Release|Any CPU
		Release|x64 = Release|x64
		Release|x86 = Release|x86
	EndGlobalSection
	GlobalSection(ProjectConfigurationPlatforms) = postSolution
		{C508B0D7-0762-4F24-955F-F2FDBE206131}.Debug|Any CPU.ActiveCfg = Debug|Any CPU
		{C508B0D7-0762-4F24-955F-F2FDBE206131}.Debug|Any CPU.Build.0 = Debug|Any CPU
		{C508B0D7-0762-4F24-955F-F2FDBE206131}.Debug|x64.ActiveCfg = Debug|Any CPU
		{C508B0D7-0762-4F24-955F-F2FDBE206131}.Debug|x64.Build.0 = Debug|Any CPU
		{C508B0D7-0762-4F24-955F-F2FDBE206131}.Debug|x86.ActiveCfg = Debug|Any CPU
		{C508B0D7-0762-4F24-955F-F2FDBE206131}.Debug|x86.Build.0 = Debug|Any CPU
		{C508B0D7-0762-4F24-955F-F2FDBE206131}.Release|Any CPU.ActiveCfg = Release|Any CPU
		{C508B0D7-0762-4F24-955F-F2FDBE206131}.Release|Any CPU.Build.0 = Release|Any CPU
		{C508B0D7-0762-4F24-955F-F2FDBE206131}.Release|x64.ActiveCfg = Release|Any CPU
		{C508B0D7-0762-4F24-955F-F2FDBE206131}.Release|x64.Build.0 = Release|Any CPU
		{C508B0D7-0762-4F24-955F-F2FDBE206131}.Release|x86.ActiveCfg = Release|Any CPU
		{C508B0D7-0762-4F24-955F-F2FDBE206131}.Release|x86.Build.0 = Release|Any CPU
		{54AC6AB3-0E63-497B-8A09-DD9938A82836}.Debug|Any CPU.ActiveCfg = Debug|Any CPU
		{54AC6AB3-0E63-497B-8A09-DD9938A82836}.Debug|Any CPU.Build.0 = Debug|Any CPU
		{54AC6AB3-0E63-497B-8A09-DD9938A82836}.Debug|x64.ActiveCfg = Debug|Any CPU
		{54AC6AB3-0E63-497B-8A09-DD9938A82836}.Debug|x64.Build.0 = Debug|Any CPU
		{54AC6AB3-0E63-497B-8A09-DD9938A82836}.Debug|x86.ActiveCfg = Debug|Any CPU
		{54AC6AB3-0E63-497B-8A09-DD9938A82836}.Debug|x86.Build.0 = Debug|Any CPU
		{54AC6AB3-0E63-497B-8A09-DD9938A82836}.Release|Any CPU.ActiveCfg = Release|Any CPU
		{54AC6AB3-0E63-497B-8A09-DD9938A82836}.Release|Any CPU.Build.0 = Release|Any CPU
		{54AC6AB3-0E63-497B-8A09-DD9938A82836}.Release|x64.ActiveCfg = Release|Any CPU
		{54AC6AB3-0E63-497B-8A09-DD9938A82836}.Release|x64.Build.0 = Release|Any CPU
		{54AC6AB3-0E63-497B-8A09-DD9938A82836}.Release|x86.ActiveCfg = Release|Any CPU
		{54AC6AB3-0E63-497B-8A09-DD9938A82836}.Release|x86.Build.0 = Release|Any CPU
		{772568DB-0050-4498-9567-1316A91ADFA9}.Debug|Any CPU.ActiveCfg = Debug|Any CPU
		{772568DB-0050-4498-9567-1316A91ADFA9}.Debug|Any CPU.Build.0 = Debug|Any CPU
		{772568DB-0050-4498-9567-1316A91ADFA9}.Debug|x64.ActiveCfg = Debug|Any CPU
		{772568DB-0050-4498-9567-1316A91ADFA9}.Debug|x64.Build.0 = Debug|Any CPU
		{772568DB-0050-4498-9567-1316A91ADFA9}.Debug|x86.ActiveCfg = Debug|Any CPU
		{772568DB-0050-4498-9567-1316A91ADFA9}.Debug|x86.Build.0 = Debug|Any CPU
		{772568DB-0050-4498-9567-1316A91ADFA9}.Release|Any CPU.ActiveCfg = Release|Any CPU
		{772568DB-0050-4498-9567-1316A91ADFA9}.Release|Any CPU.Build.0 = Release|Any CPU
		{772568DB-0050-4498-9567-1316A91ADFA9}.Release|x64.ActiveCfg = Release|Any CPU
		{772568DB-0050-4498-9567-1316A91ADFA9}.Release|x64.Build.0 = Release|Any CPU
		{772568DB-0050-4498-9567-1316A91ADFA9}.Release|x86.ActiveCfg = Release|Any CPU
		{772568DB-0050-4498-9567-1316A91ADFA9}.Release|x86.Build.0 = Release|Any CPU
		{FD710463-D7F2-4329-A776-2CC20E1B8394}.Debug|Any CPU.ActiveCfg = Debug|Any CPU
		{FD710463-D7F2-4329-A776-2CC20E1B8394}.Debug|Any CPU.Build.0 = Debug|Any CPU
		{FD710463-D7F2-4329-A776-2CC20E1B8394}.Debug|x64.ActiveCfg = Debug|Any CPU
		{FD710463-D7F2-4329-A776-2CC20E1B8394}.Debug|x64.Build.0 = Debug|Any CPU
		{FD710463-D7F2-4329-A776-2CC20E1B8394}.Debug|x86.ActiveCfg = Debug|Any CPU
		{FD710463-D7F2-4329-A776-2CC20E1B8394}.Debug|x86.Build.0 = Debug|Any CPU
		{FD710463-D7F2-4329-A776-2CC20E1B8394}.Release|Any CPU.ActiveCfg = Release|Any CPU
		{FD710463-D7F2-4329-A776-2CC20E1B8394}.Release|Any CPU.Build.0 = Release|Any CPU
		{FD710463-D7F2-4329-A776-2CC20E1B8394}.Release|x64.ActiveCfg = Release|Any CPU
		{FD710463-D7F2-4329-A776-2CC20E1B8394}.Release|x64.Build.0 = Release|Any CPU
		{FD710463-D7F2-4329-A776-2CC20E1B8394}.Release|x86.ActiveCfg = Release|Any CPU
		{FD710463-D7F2-4329-A776-2CC20E1B8394}.Release|x86.Build.0 = Release|Any CPU
		{C5EDBFD5-5D96-419D-8983-9354695A4716}.Debug|Any CPU.ActiveCfg = Debug|Any CPU
		{C5EDBFD5-5D96-419D-8983-9354695A4716}.Debug|Any CPU.Build.0 = Debug|Any CPU
		{C5EDBFD5-5D96-419D-8983-9354695A4716}.Debug|x64.ActiveCfg = Debug|Any CPU
		{C5EDBFD5-5D96-419D-8983-9354695A4716}.Debug|x64.Build.0 = Debug|Any CPU
		{C5EDBFD5-5D96-419D-8983-9354695A4716}.Debug|x86.ActiveCfg = Debug|Any CPU
		{C5EDBFD5-5D96-419D-8983-9354695A4716}.Debug|x86.Build.0 = Debug|Any CPU
		{C5EDBFD5-5D96-419D-8983-9354695A4716}.Release|Any CPU.ActiveCfg = Release|Any CPU
		{C5EDBFD5-5D96-419D-8983-9354695A4716}.Release|Any CPU.Build.0 = Release|Any CPU
		{C5EDBFD5-5D96-419D-8983-9354695A4716}.Release|x64.ActiveCfg = Release|Any CPU
		{C5EDBFD5-5D96-419D-8983-9354695A4716}.Release|x64.Build.0 = Release|Any CPU
		{C5EDBFD5-5D96-419D-8983-9354695A4716}.Release|x86.ActiveCfg = Release|Any CPU
		{C5EDBFD5-5D96-419D-8983-9354695A4716}.Release|x86.Build.0 = Release|Any CPU
		{E089CA5F-4BC9-4275-8E59-1E265C3DEEA6}.Debug|Any CPU.ActiveCfg = Debug|Any CPU
		{E089CA5F-4BC9-4275-8E59-1E265C3DEEA6}.Debug|Any CPU.Build.0 = Debug|Any CPU
		{E089CA5F-4BC9-4275-8E59-1E265C3DEEA6}.Debug|x64.ActiveCfg = Debug|Any CPU
		{E089CA5F-4BC9-4275-8E59-1E265C3DEEA6}.Debug|x64.Build.0 = Debug|Any CPU
		{E089CA5F-4BC9-4275-8E59-1E265C3DEEA6}.Debug|x86.ActiveCfg = Debug|Any CPU
		{E089CA5F-4BC9-4275-8E59-1E265C3DEEA6}.Debug|x86.Build.0 = Debug|Any CPU
		{E089CA5F-4BC9-4275-8E59-1E265C3DEEA6}.Release|Any CPU.ActiveCfg = Release|Any CPU
		{E089CA5F-4BC9-4275-8E59-1E265C3DEEA6}.Release|Any CPU.Build.0 = Release|Any CPU
		{E089CA5F-4BC9-4275-8E59-1E265C3DEEA6}.Release|x64.ActiveCfg = Release|Any CPU
		{E089CA5F-4BC9-4275-8E59-1E265C3DEEA6}.Release|x64.Build.0 = Release|Any CPU
		{E089CA5F-4BC9-4275-8E59-1E265C3DEEA6}.Release|x86.ActiveCfg = Release|Any CPU
		{E089CA5F-4BC9-4275-8E59-1E265C3DEEA6}.Release|x86.Build.0 = Release|Any CPU
	EndGlobalSection
	GlobalSection(SolutionProperties) = preSolution
		HideSolutionNode = FALSE
	EndGlobalSection
	GlobalSection(ExtensibilityGlobals) = postSolution
		SolutionGuid = {C12AC7B8-7A01-4087-9074-FC7F77260D54}
	EndGlobalSection
EndGlobal